
Microsoft Visual Studio Solution File, Format Version 12.00
# Visual Studio 14
VisualStudioVersion = 14.0.22512.0
MinimumVisualStudioVersion = 10.0.40219.1
Project("{2150E333-8FDC-42A3-9474-1A3956D46DE8}") = "Docs", "Docs", "{CC9007A7-F1A7-4623-A21E-C4F25F41AA6D}"
	ProjectSection(SolutionItems) = preProject
		Docs\CloudStructures-Rx.nuspec = Docs\CloudStructures-Rx.nuspec
		Docs\CloudStructures.LZ4.nuspec = Docs\CloudStructures.LZ4.nuspec
		Docs\CloudStructures.nuspec = Docs\CloudStructures.nuspec
		Docs\Glimpse.CloudStructures.Redis.nuspec = Docs\Glimpse.CloudStructures.Redis.nuspec
		Docs\NuGet.exe = Docs\NuGet.exe
		Docs\pack.bat = Docs\pack.bat
		Docs\push.bat = Docs\push.bat
		README.md = README.md
		Docs\RedisInfoTab.png = Docs\RedisInfoTab.png
		Docs\RedisTab.png = Docs\RedisTab.png
		Docs\RedisTimeline.png = Docs\RedisTimeline.png
	EndProjectSection
EndProject
Project("{2150E333-8FDC-42A3-9474-1A3956D46DE8}") = ".nuget", ".nuget", "{51F7D316-78B8-42E7-B93B-77A01DBDCA47}"
	ProjectSection(SolutionItems) = preProject
		.nuget\packages.config = .nuget\packages.config
	EndProjectSection
EndProject
Project("{FAE04EC0-301F-11D3-BF4B-00C04F79EFBC}") = "CloudStructures", "CloudStructures\CloudStructures.csproj", "{80104D24-1EBC-4970-A8AE-3BE1C6336A44}"
EndProject
Project("{FAE04EC0-301F-11D3-BF4B-00C04F79EFBC}") = "CloudStructures.Tests", "CloudStructures.Tests\CloudStructures.Tests.csproj", "{15EAAF2A-8976-4A8C-89C6-9403D2DC0FD5}"
EndProject
Project("{FAE04EC0-301F-11D3-BF4B-00C04F79EFBC}") = "CloudStructures.Rx", "CloudStructures.Rx\CloudStructures.Rx.csproj", "{D3AFBFA7-2CC9-453C-BC6A-FCAE9948C99F}"
EndProject
Project("{FAE04EC0-301F-11D3-BF4B-00C04F79EFBC}") = "Glimpse.CloudStructures.Redis", "Glimpse.CloudStructures.Redis\Glimpse.CloudStructures.Redis.csproj", "{83865273-AD59-4F7C-B146-ACD6477E1652}"
EndProject
Project("{FAE04EC0-301F-11D3-BF4B-00C04F79EFBC}") = "CloudStructures.Demo.Mvc", "CloudStructures.Demo.Mvc\CloudStructures.Demo.Mvc.csproj", "{7799E810-4361-4E4D-8456-81AAA9562C34}"
EndProject
Project("{FAE04EC0-301F-11D3-BF4B-00C04F79EFBC}") = "CloudStructures.LZ4", "CloudStructures.LZ4\CloudStructures.LZ4.csproj", "{CDB2E8EB-E262-4C72-8748-088ECD4623FB}"
EndProject
Global
	GlobalSection(SolutionConfigurationPlatforms) = preSolution
		Debug|Any CPU = Debug|Any CPU
		Debug|ARM = Debug|ARM
		Debug|x64 = Debug|x64
		Debug|x86 = Debug|x86
		Release|Any CPU = Release|Any CPU
		Release|ARM = Release|ARM
		Release|x64 = Release|x64
		Release|x86 = Release|x86
	EndGlobalSection
	GlobalSection(ProjectConfigurationPlatforms) = postSolution
		{80104D24-1EBC-4970-A8AE-3BE1C6336A44}.Debug|Any CPU.ActiveCfg = Debug|Any CPU
		{80104D24-1EBC-4970-A8AE-3BE1C6336A44}.Debug|Any CPU.Build.0 = Debug|Any CPU
		{80104D24-1EBC-4970-A8AE-3BE1C6336A44}.Debug|ARM.ActiveCfg = Debug|Any CPU
		{80104D24-1EBC-4970-A8AE-3BE1C6336A44}.Debug|ARM.Build.0 = Debug|Any CPU
		{80104D24-1EBC-4970-A8AE-3BE1C6336A44}.Debug|x64.ActiveCfg = Debug|Any CPU
		{80104D24-1EBC-4970-A8AE-3BE1C6336A44}.Debug|x64.Build.0 = Debug|Any CPU
		{80104D24-1EBC-4970-A8AE-3BE1C6336A44}.Debug|x86.ActiveCfg = Debug|Any CPU
		{80104D24-1EBC-4970-A8AE-3BE1C6336A44}.Debug|x86.Build.0 = Debug|Any CPU
		{80104D24-1EBC-4970-A8AE-3BE1C6336A44}.Release|Any CPU.ActiveCfg = Release|Any CPU
		{80104D24-1EBC-4970-A8AE-3BE1C6336A44}.Release|Any CPU.Build.0 = Release|Any CPU
		{80104D24-1EBC-4970-A8AE-3BE1C6336A44}.Release|ARM.ActiveCfg = Release|Any CPU
		{80104D24-1EBC-4970-A8AE-3BE1C6336A44}.Release|ARM.Build.0 = Release|Any CPU
		{80104D24-1EBC-4970-A8AE-3BE1C6336A44}.Release|x64.ActiveCfg = Release|Any CPU
		{80104D24-1EBC-4970-A8AE-3BE1C6336A44}.Release|x64.Build.0 = Release|Any CPU
		{80104D24-1EBC-4970-A8AE-3BE1C6336A44}.Release|x86.ActiveCfg = Release|Any CPU
		{80104D24-1EBC-4970-A8AE-3BE1C6336A44}.Release|x86.Build.0 = Release|Any CPU
		{15EAAF2A-8976-4A8C-89C6-9403D2DC0FD5}.Debug|Any CPU.ActiveCfg = Debug|Any CPU
		{15EAAF2A-8976-4A8C-89C6-9403D2DC0FD5}.Debug|Any CPU.Build.0 = Debug|Any CPU
		{15EAAF2A-8976-4A8C-89C6-9403D2DC0FD5}.Debug|ARM.ActiveCfg = Debug|Any CPU
		{15EAAF2A-8976-4A8C-89C6-9403D2DC0FD5}.Debug|ARM.Build.0 = Debug|Any CPU
		{15EAAF2A-8976-4A8C-89C6-9403D2DC0FD5}.Debug|x64.ActiveCfg = Debug|Any CPU
		{15EAAF2A-8976-4A8C-89C6-9403D2DC0FD5}.Debug|x64.Build.0 = Debug|Any CPU
		{15EAAF2A-8976-4A8C-89C6-9403D2DC0FD5}.Debug|x86.ActiveCfg = Debug|Any CPU
		{15EAAF2A-8976-4A8C-89C6-9403D2DC0FD5}.Debug|x86.Build.0 = Debug|Any CPU
		{15EAAF2A-8976-4A8C-89C6-9403D2DC0FD5}.Release|Any CPU.ActiveCfg = Release|Any CPU
		{15EAAF2A-8976-4A8C-89C6-9403D2DC0FD5}.Release|Any CPU.Build.0 = Release|Any CPU
		{15EAAF2A-8976-4A8C-89C6-9403D2DC0FD5}.Release|ARM.ActiveCfg = Release|Any CPU
		{15EAAF2A-8976-4A8C-89C6-9403D2DC0FD5}.Release|ARM.Build.0 = Release|Any CPU
		{15EAAF2A-8976-4A8C-89C6-9403D2DC0FD5}.Release|x64.ActiveCfg = Release|Any CPU
		{15EAAF2A-8976-4A8C-89C6-9403D2DC0FD5}.Release|x64.Build.0 = Release|Any CPU
		{15EAAF2A-8976-4A8C-89C6-9403D2DC0FD5}.Release|x86.ActiveCfg = Release|Any CPU
		{15EAAF2A-8976-4A8C-89C6-9403D2DC0FD5}.Release|x86.Build.0 = Release|Any CPU
		{D3AFBFA7-2CC9-453C-BC6A-FCAE9948C99F}.Debug|Any CPU.ActiveCfg = Debug|Any CPU
		{D3AFBFA7-2CC9-453C-BC6A-FCAE9948C99F}.Debug|Any CPU.Build.0 = Debug|Any CPU
		{D3AFBFA7-2CC9-453C-BC6A-FCAE9948C99F}.Debug|ARM.ActiveCfg = Debug|Any CPU
		{D3AFBFA7-2CC9-453C-BC6A-FCAE9948C99F}.Debug|ARM.Build.0 = Debug|Any CPU
		{D3AFBFA7-2CC9-453C-BC6A-FCAE9948C99F}.Debug|x64.ActiveCfg = Debug|Any CPU
		{D3AFBFA7-2CC9-453C-BC6A-FCAE9948C99F}.Debug|x64.Build.0 = Debug|Any CPU
		{D3AFBFA7-2CC9-453C-BC6A-FCAE9948C99F}.Debug|x86.ActiveCfg = Debug|Any CPU
		{D3AFBFA7-2CC9-453C-BC6A-FCAE9948C99F}.Debug|x86.Build.0 = Debug|Any CPU
		{D3AFBFA7-2CC9-453C-BC6A-FCAE9948C99F}.Release|Any CPU.ActiveCfg = Release|Any CPU
		{D3AFBFA7-2CC9-453C-BC6A-FCAE9948C99F}.Release|Any CPU.Build.0 = Release|Any CPU
		{D3AFBFA7-2CC9-453C-BC6A-FCAE9948C99F}.Release|ARM.ActiveCfg = Release|Any CPU
		{D3AFBFA7-2CC9-453C-BC6A-FCAE9948C99F}.Release|ARM.Build.0 = Release|Any CPU
		{D3AFBFA7-2CC9-453C-BC6A-FCAE9948C99F}.Release|x64.ActiveCfg = Release|Any CPU
		{D3AFBFA7-2CC9-453C-BC6A-FCAE9948C99F}.Release|x64.Build.0 = Release|Any CPU
		{D3AFBFA7-2CC9-453C-BC6A-FCAE9948C99F}.Release|x86.ActiveCfg = Release|Any CPU
		{D3AFBFA7-2CC9-453C-BC6A-FCAE9948C99F}.Release|x86.Build.0 = Release|Any CPU
		{83865273-AD59-4F7C-B146-ACD6477E1652}.Debug|Any CPU.ActiveCfg = Debug|Any CPU
		{83865273-AD59-4F7C-B146-ACD6477E1652}.Debug|Any CPU.Build.0 = Debug|Any CPU
		{83865273-AD59-4F7C-B146-ACD6477E1652}.Debug|ARM.ActiveCfg = Debug|Any CPU
		{83865273-AD59-4F7C-B146-ACD6477E1652}.Debug|ARM.Build.0 = Debug|Any CPU
		{83865273-AD59-4F7C-B146-ACD6477E1652}.Debug|x64.ActiveCfg = Debug|Any CPU
		{83865273-AD59-4F7C-B146-ACD6477E1652}.Debug|x64.Build.0 = Debug|Any CPU
		{83865273-AD59-4F7C-B146-ACD6477E1652}.Debug|x86.ActiveCfg = Debug|Any CPU
		{83865273-AD59-4F7C-B146-ACD6477E1652}.Debug|x86.Build.0 = Debug|Any CPU
		{83865273-AD59-4F7C-B146-ACD6477E1652}.Release|Any CPU.ActiveCfg = Release|Any CPU
		{83865273-AD59-4F7C-B146-ACD6477E1652}.Release|Any CPU.Build.0 = Release|Any CPU
		{83865273-AD59-4F7C-B146-ACD6477E1652}.Release|ARM.ActiveCfg = Release|Any CPU
		{83865273-AD59-4F7C-B146-ACD6477E1652}.Release|ARM.Build.0 = Release|Any CPU
		{83865273-AD59-4F7C-B146-ACD6477E1652}.Release|x64.ActiveCfg = Release|Any CPU
		{83865273-AD59-4F7C-B146-ACD6477E1652}.Release|x64.Build.0 = Release|Any CPU
		{83865273-AD59-4F7C-B146-ACD6477E1652}.Release|x86.ActiveCfg = Release|Any CPU
		{83865273-AD59-4F7C-B146-ACD6477E1652}.Release|x86.Build.0 = Release|Any CPU
		{7799E810-4361-4E4D-8456-81AAA9562C34}.Debug|Any CPU.ActiveCfg = Debug|Any CPU
		{7799E810-4361-4E4D-8456-81AAA9562C34}.Debug|Any CPU.Build.0 = Debug|Any CPU
		{7799E810-4361-4E4D-8456-81AAA9562C34}.Debug|ARM.ActiveCfg = Debug|Any CPU
		{7799E810-4361-4E4D-8456-81AAA9562C34}.Debug|ARM.Build.0 = Debug|Any CPU
		{7799E810-4361-4E4D-8456-81AAA9562C34}.Debug|x64.ActiveCfg = Debug|Any CPU
		{7799E810-4361-4E4D-8456-81AAA9562C34}.Debug|x64.Build.0 = Debug|Any CPU
		{7799E810-4361-4E4D-8456-81AAA9562C34}.Debug|x86.ActiveCfg = Debug|Any CPU
		{7799E810-4361-4E4D-8456-81AAA9562C34}.Debug|x86.Build.0 = Debug|Any CPU
		{7799E810-4361-4E4D-8456-81AAA9562C34}.Release|Any CPU.ActiveCfg = Release|Any CPU
		{7799E810-4361-4E4D-8456-81AAA9562C34}.Release|Any CPU.Build.0 = Release|Any CPU
		{7799E810-4361-4E4D-8456-81AAA9562C34}.Release|ARM.ActiveCfg = Release|Any CPU
		{7799E810-4361-4E4D-8456-81AAA9562C34}.Release|ARM.Build.0 = Release|Any CPU
		{7799E810-4361-4E4D-8456-81AAA9562C34}.Release|x64.ActiveCfg = Release|Any CPU
		{7799E810-4361-4E4D-8456-81AAA9562C34}.Release|x64.Build.0 = Release|Any CPU
		{7799E810-4361-4E4D-8456-81AAA9562C34}.Release|x86.ActiveCfg = Release|Any CPU
		{7799E810-4361-4E4D-8456-81AAA9562C34}.Release|x86.Build.0 = Release|Any CPU
		{CDB2E8EB-E262-4C72-8748-088ECD4623FB}.Debug|Any CPU.ActiveCfg = Debug|Any CPU
		{CDB2E8EB-E262-4C72-8748-088ECD4623FB}.Debug|Any CPU.Build.0 = Debug|Any CPU
		{CDB2E8EB-E262-4C72-8748-088ECD4623FB}.Debug|ARM.ActiveCfg = Debug|Any CPU
		{CDB2E8EB-E262-4C72-8748-088ECD4623FB}.Debug|ARM.Build.0 = Debug|Any CPU
		{CDB2E8EB-E262-4C72-8748-088ECD4623FB}.Debug|x64.ActiveCfg = Debug|Any CPU
		{CDB2E8EB-E262-4C72-8748-088ECD4623FB}.Debug|x64.Build.0 = Debug|Any CPU
		{CDB2E8EB-E262-4C72-8748-088ECD4623FB}.Debug|x86.ActiveCfg = Debug|Any CPU
		{CDB2E8EB-E262-4C72-8748-088ECD4623FB}.Debug|x86.Build.0 = Debug|Any CPU
		{CDB2E8EB-E262-4C72-8748-088ECD4623FB}.Release|Any CPU.ActiveCfg = Release|Any CPU
		{CDB2E8EB-E262-4C72-8748-088ECD4623FB}.Release|Any CPU.Build.0 = Release|Any CPU
		{CDB2E8EB-E262-4C72-8748-088ECD4623FB}.Release|ARM.ActiveCfg = Release|Any CPU
		{CDB2E8EB-E262-4C72-8748-088ECD4623FB}.Release|ARM.Build.0 = Release|Any CPU
		{CDB2E8EB-E262-4C72-8748-088ECD4623FB}.Release|x64.ActiveCfg = Release|Any CPU
		{CDB2E8EB-E262-4C72-8748-088ECD4623FB}.Release|x64.Build.0 = Release|Any CPU
		{CDB2E8EB-E262-4C72-8748-088ECD4623FB}.Release|x86.ActiveCfg = Release|Any CPU
		{CDB2E8EB-E262-4C72-8748-088ECD4623FB}.Release|x86.Build.0 = Release|Any CPU
	EndGlobalSection
	GlobalSection(SolutionProperties) = preSolution
		HideSolutionNode = FALSE
	EndGlobalSection
EndGlobal
